{
    "_readme": [
        "This file locks the dependencies of your project to a known state",
        "Read more about it at https://getcomposer.org/doc/01-basic-usage.md#installing-dependencies",
        "This file is @generated automatically"
    ],
    "content-hash": "01152fc7d26b2ad2e34a5a4a1e8c8d4c",
    "packages": [
        {
            "name": "gemorroj/archive7z",
            "version": "5.8.0",
            "source": {
                "type": "git",
                "url": "https://github.com/Gemorroj/Archive7z.git",
                "reference": "7cd06d5de4a52cf0f02be9d46bc32f4a1222096f"
            },
            "dist": {
                "type": "zip",
                "url": "https://api.github.com/repos/Gemorroj/Archive7z/zipball/7cd06d5de4a52cf0f02be9d46bc32f4a1222096f",
                "reference": "7cd06d5de4a52cf0f02be9d46bc32f4a1222096f",
                "shasum": ""
            },
            "require": {
                "php": ">=8.0.2",
                "symfony/process": "^5.4||^6.4||^7.0"
            },
            "require-dev": {
                "friendsofphp/php-cs-fixer": "^3.85.1",
                "phpstan/phpstan": "^2",
                "phpunit/phpunit": "^9.6.22"
            },
            "type": "library",
            "autoload": {
                "psr-4": {
                    "Archive7z\\": "src/"
                }
            },
            "notification-url": "https://packagist.org/downloads/",
            "license": [
                "LGPL-3.0-or-later"
            ],
            "authors": [
                {
                    "name": "Gemorroj"
                }
            ],
            "description": "7z cli wrapper",
            "keywords": [
                "7-zip",
                "7z",
                "7zip",
                "archive",
                "p7zip"
            ],
            "support": {
                "issues": "https://github.com/Gemorroj/Archive7z/issues",
                "source": "https://github.com/Gemorroj/Archive7z/tree/5.8.0"
            },
            "time": "2025-08-04T09:00:01+00:00"
        },
        {
            "name": "symfony/process",
            "version": "v7.3.4",
            "source": {
                "type": "git",
                "url": "https://github.com/symfony/process.git",
                "reference": "f24f8f316367b30810810d4eb30c543d7003ff3b"
            },
            "dist": {
                "type": "zip",
                "url": "https://api.github.com/repos/symfony/process/zipball/f24f8f316367b30810810d4eb30c543d7003ff3b",
                "reference": "f24f8f316367b30810810d4eb30c543d7003ff3b",
                "shasum": ""
            },
            "require": {
                "php": ">=8.2"
            },
            "type": "library",
            "autoload": {
                "psr-4": {
                    "Symfony\\Component\\Process\\": ""
                },
                "exclude-from-classmap": [
                    "/Tests/"
                ]
            },
            "notification-url": "https://packagist.org/downloads/",
            "license": [
                "MIT"
            ],
            "authors": [
                {
                    "name": "Fabien Potencier",
                    "email": "fabien@symfony.com"
                },
                {
                    "name": "Symfony Community",
                    "homepage": "https://symfony.com/contributors"
                }
            ],
            "description": "Executes commands in sub-processes",
            "homepage": "https://symfony.com",
            "support": {
                "source": "https://github.com/symfony/process/tree/v7.3.4"
            },
            "funding": [
                {
                    "url": "https://symfony.com/sponsor",
                    "type": "custom"
                },
                {
                    "url": "https://github.com/fabpot",
                    "type": "github"
                },
                {
                    "url": "https://github.com/nicolas-grekas",
                    "type": "github"
                },
                {
                    "url": "https://tidelift.com/funding/github/packagist/symfony/symfony",
                    "type": "tidelift"
                }
            ],
            "time": "2025-09-11T10:12:26+00:00"
        }
    ],
    "packages-dev": [],
    "aliases": [],
    "minimum-stability": "stable",
    "stability-flags": {},
    "prefer-stable": false,
    "prefer-lowest": false,
    "platform": {},
    "platform-dev": {},
    "plugin-api-version": "2.6.0"
}
